<?xml version="1.0" encoding="utf-8"?>
<Project ToolsVersion="4.0" xmlns="http://schemas.microsoft.com/developer/msbuild/2003">
  <ItemGroup>
    <ClInclude Include="logger\log.h" />
    <ClInclude Include="lexer\Characters.h" />
    <ClInclude Include="lexer\Lexer.h" />
    <ClInclude Include="token\Token.h" />
    <ClInclude Include="parser\Parser.h" />
    <ClInclude Include="ast\FunctionSyntax.h" />
    <ClInclude Include="ast\StatementSyntax.h" />
    <ClInclude Include="ast\NameAndTypeSyntax.h" />
    <ClInclude Include="ast\TypeSyntax.h" />
    <ClInclude Include="ast\BlockSyntax.h" />
    <ClInclude Include="ast\ExpressionSyntax.h" />
    <ClInclude Include="ast\ExpressionStatementSyntax.h" />
    <ClInclude Include="lang\Language.h" />
    <ClInclude Include="lang\Operator.h" />
    <ClInclude Include="ast\TypeNameSyntax.h" />
    <ClInclude Include="ast\ClassSyntax.h" />
    <ClInclude Include="ast\ReturnSyntax.h" />
    <ClInclude Include="ast\MemberSyntax.h" />
    <ClInclude Include="types\SymbolTable.h" />
    <ClInclude Include="types\Type.h" />
    <ClInclude Include="types\Symbol.h" />
    <ClInclude Include="ast\SyntaxNode.h" />
    <ClInclude Include="ast\LocalSyntax.h" />
    <ClInclude Include="ast\CompilationUnit.h" />
    <ClInclude Include="ast\AST.h" />
  </ItemGroup>
  <ItemGroup>
    <ClCompile Include="lexer\Characters.cpp" />
    <ClCompile Include="lexer\Lexer.cpp" />
    <ClCompile Include="program\main.cpp" />
    <ClCompile Include="token\Token.cpp" />
    <ClCompile Include="parser\Parser.cpp" />
    <ClCompile Include="lang\Language.cpp" />
    <ClCompile Include="types\SymbolTable.cpp" />
    <ClCompile Include="types\Type.cpp" />
    <ClCompile Include="types\Symbol.cpp" />
  </ItemGroup>
</Project>